
Microsoft Visual Studio Solution File, Format Version 12.00
# Visual Studio 15
VisualStudioVersion = 15.0.28307.489
MinimumVisualStudioVersion = 10.0.40219.1
Project("{FAE04EC0-301F-11D3-BF4B-00C04F79EFBC}") = "PIS-20", "PIS-20\PIS-20.csproj", "{855E3AAC-84D0-41BB-B5E5-0C3C4A691268}"
EndProject
Global
	GlobalSection(SolutionConfigurationPlatforms) = preSolution
		Debug|Any CPU = Debug|Any CPU
		Release|Any CPU = Release|Any CPU
	EndGlobalSection
	GlobalSection(ProjectConfigurationPlatforms) = postSolution
		{855E3AAC-84D0-41BB-B5E5-0C3C4A691268}.Debug|Any CPU.ActiveCfg = Debug|Any CPU
		{855E3AAC-84D0-41BB-B5E5-0C3C4A691268}.Debug|Any CPU.Build.0 = Debug|Any CPU
		{855E3AAC-84D0-41BB-B5E5-0C3C4A691268}.Release|Any CPU.ActiveCfg = Release|Any CPU
		{855E3AAC-84D0-41BB-B5E5-0C3C4A691268}.Release|Any CPU.Build.0 = Release|Any CPU
	EndGlobalSection
	GlobalSection(SolutionProperties) = preSolution
		HideSolutionNode = FALSE
	EndGlobalSection
	GlobalSection(ExtensibilityGlobals) = postSolution
		SolutionGuid = {ACC0509C-B171-4090-A279-1CCA1ED1FFBA}
	EndGlobalSection
EndGlobal
